
Microsoft Visual Studio Solution File, Format Version 12.00
# Visual Studio Version 17
VisualStudioVersion = 17.2.32519.379
MinimumVisualStudioVersion = 10.0.40219.1
Project("{FAE04EC0-301F-11D3-BF4B-00C04F79EFBC}") = "FunctionApp1", "FunctionApp1\FunctionApp1.csproj", "{2A07E684-F221-4C2F-BEB7-8E995030EE4C}"
EndProject
Project("{FAE04EC0-301F-11D3-BF4B-00C04F79EFBC}") = "ClassLibrary1", "ClassLibrary1\ClassLibrary1.csproj", "{735FFA49-EAA3-4BC6-8672-ABC1EC66E87F}"
EndProject
Global
	GlobalSection(SolutionConfigurationPlatforms) = preSolution
		Debug|Any CPU = Debug|Any CPU
		Release|Any CPU = Release|Any CPU
	EndGlobalSection
	GlobalSection(ProjectConfigurationPlatforms) = postSolution
		{2A07E684-F221-4C2F-BEB7-8E995030EE4C}.Debug|Any CPU.ActiveCfg = Debug|Any CPU
		{2A07E684-F221-4C2F-BEB7-8E995030EE4C}.Debug|Any CPU.Build.0 = Debug|Any CPU
		{2A07E684-F221-4C2F-BEB7-8E995030EE4C}.Release|Any CPU.ActiveCfg = Release|Any CPU
		{2A07E684-F221-4C2F-BEB7-8E995030EE4C}.Release|Any CPU.Build.0 = Release|Any CPU
		{735FFA49-EAA3-4BC6-8672-ABC1EC66E87F}.Debug|Any CPU.ActiveCfg = Debug|Any CPU
		{735FFA49-EAA3-4BC6-8672-ABC1EC66E87F}.Debug|Any CPU.Build.0 = Debug|Any CPU
		{735FFA49-EAA3-4BC6-8672-ABC1EC66E87F}.Release|Any CPU.ActiveCfg = Release|Any CPU
		{735FFA49-EAA3-4BC6-8672-ABC1EC66E87F}.Release|Any CPU.Build.0 = Release|Any CPU
	EndGlobalSection
	GlobalSection(SolutionProperties) = preSolution
		HideSolutionNode = FALSE
	EndGlobalSection
	GlobalSection(ExtensibilityGlobals) = postSolution
		SolutionGuid = {53F9A661-7F70-4130-9998-6C862B56BFE1}
	EndGlobalSection
EndGlobal
